
Microsoft Visual Studio Solution File, Format Version 12.00
# Visual Studio Version 17
VisualStudioVersion = 17.7.34031.279
MinimumVisualStudioVersion = 10.0.40219.1
Project("{FAE04EC0-301F-11D3-BF4B-00C04F79EFBC}") = "Portfolio.Server", "Server\Portfolio.Server.csproj", "{47DA60C0-FB10-419E-8CBC-9AF2F87E847C}"
EndProject
Project("{FAE04EC0-301F-11D3-BF4B-00C04F79EFBC}") = "Portfolio.Client", "Client\Portfolio.Client.csproj", "{A4E0797A-E1D2-45B8-82CF-72C8A04C6CB9}"
EndProject
Project("{FAE04EC0-301F-11D3-BF4B-00C04F79EFBC}") = "Portfolio.Shared", "Shared\Portfolio.Shared.csproj", "{B89DE56A-40F8-4CD6-B864-6346D1FE490A}"
EndProject
Global
	GlobalSection(SolutionConfigurationPlatforms) = preSolution
		Debug|Any CPU = Debug|Any CPU
		Release|Any CPU = Release|Any CPU
	EndGlobalSection
	GlobalSection(ProjectConfigurationPlatforms) = postSolution
		{47DA60C0-FB10-419E-8CBC-9AF2F87E847C}.Debug|Any CPU.ActiveCfg = Debug|Any CPU
		{47DA60C0-FB10-419E-8CBC-9AF2F87E847C}.Debug|Any CPU.Build.0 = Debug|Any CPU
		{47DA60C0-FB10-419E-8CBC-9AF2F87E847C}.Release|Any CPU.ActiveCfg = Release|Any CPU
		{47DA60C0-FB10-419E-8CBC-9AF2F87E847C}.Release|Any CPU.Build.0 = Release|Any CPU
		{A4E0797A-E1D2-45B8-82CF-72C8A04C6CB9}.Debug|Any CPU.ActiveCfg = Debug|Any CPU
		{A4E0797A-E1D2-45B8-82CF-72C8A04C6CB9}.Debug|Any CPU.Build.0 = Debug|Any CPU
		{A4E0797A-E1D2-45B8-82CF-72C8A04C6CB9}.Release|Any CPU.ActiveCfg = Release|Any CPU
		{A4E0797A-E1D2-45B8-82CF-72C8A04C6CB9}.Release|Any CPU.Build.0 = Release|Any CPU
		{B89DE56A-40F8-4CD6-B864-6346D1FE490A}.Debug|Any CPU.ActiveCfg = Debug|Any CPU
		{B89DE56A-40F8-4CD6-B864-6346D1FE490A}.Debug|Any CPU.Build.0 = Debug|Any CPU
		{B89DE56A-40F8-4CD6-B864-6346D1FE490A}.Release|Any CPU.ActiveCfg = Release|Any CPU
		{B89DE56A-40F8-4CD6-B864-6346D1FE490A}.Release|Any CPU.Build.0 = Release|Any CPU
	EndGlobalSection
	GlobalSection(SolutionProperties) = preSolution
		HideSolutionNode = FALSE
	EndGlobalSection
	GlobalSection(ExtensibilityGlobals) = postSolution
		SolutionGuid = {34356C63-DD29-49FF-AA4A-3D5187EB3F74}
	EndGlobalSection
EndGlobal
